
Microsoft Visual Studio Solution File, Format Version 12.00
# Visual Studio 15
VisualStudioVersion = 15.0.27130.2036
MinimumVisualStudioVersion = 10.0.40219.1
Project("{FAE04EC0-301F-11D3-BF4B-00C04F79EFBC}") = "StampyxCore", "StampyxCore\StampyxCore.csproj", "{D1B9B3A4-0EC4-47B8-9EE8-8BA3D3B9D334}"
EndProject
Project("{FAE04EC0-301F-11D3-BF4B-00C04F79EFBC}") = "Stampyx", "Stampyx\Stampyx.csproj", "{E927469A-E833-44B1-9676-CB0DE28EC70C}"
EndProject
Project("{2150E333-8FDC-42A3-9474-1A3956D46DE8}") = "Github", "Github", "{58A2F479-874B-43DA-B830-6EE183092024}"
	ProjectSection(SolutionItems) = preProject
		.gitignore = .gitignore
		LICENSE = LICENSE
		README.md = README.md
	EndProjectSection
EndProject
Global
	GlobalSection(SolutionConfigurationPlatforms) = preSolution
		Debug|Any CPU = Debug|Any CPU
		Release|Any CPU = Release|Any CPU
	EndGlobalSection
	GlobalSection(ProjectConfigurationPlatforms) = postSolution
		{D1B9B3A4-0EC4-47B8-9EE8-8BA3D3B9D334}.Debug|Any CPU.ActiveCfg = Debug|Any CPU
		{D1B9B3A4-0EC4-47B8-9EE8-8BA3D3B9D334}.Debug|Any CPU.Build.0 = Debug|Any CPU
		{D1B9B3A4-0EC4-47B8-9EE8-8BA3D3B9D334}.Release|Any CPU.ActiveCfg = Release|Any CPU
		{D1B9B3A4-0EC4-47B8-9EE8-8BA3D3B9D334}.Release|Any CPU.Build.0 = Release|Any CPU
		{E927469A-E833-44B1-9676-CB0DE28EC70C}.Debug|Any CPU.ActiveCfg = Debug|Any CPU
		{E927469A-E833-44B1-9676-CB0DE28EC70C}.Debug|Any CPU.Build.0 = Debug|Any CPU
		{E927469A-E833-44B1-9676-CB0DE28EC70C}.Release|Any CPU.ActiveCfg = Release|Any CPU
		{E927469A-E833-44B1-9676-CB0DE28EC70C}.Release|Any CPU.Build.0 = Release|Any CPU
	EndGlobalSection
	GlobalSection(SolutionProperties) = preSolution
		HideSolutionNode = FALSE
	EndGlobalSection
	GlobalSection(ExtensibilityGlobals) = postSolution
		SolutionGuid = {502068A0-881E-4685-888E-4E355911EEF7}
	EndGlobalSection
EndGlobal
